
Microsoft Visual Studio Solution File, Format Version 12.00
# Visual Studio Version 17
VisualStudioVersion = 17.11.35303.130
MinimumVisualStudioVersion = 10.0.40219.1
Project("{8BC9CEB8-8B4A-11D0-8D11-00A0C91BC942}") = "2.1", "2.1.vcxproj", "{CA48989B-E33C-4891-9E51-572F87CE43CF}"
EndProject
Global
	GlobalSection(SolutionConfigurationPlatforms) = preSolution
		Debug|x64 = Debug|x64
		Debug|x86 = Debug|x86
		Release|x64 = Release|x64
		Release|x86 = Release|x86
	EndGlobalSection
	GlobalSection(ProjectConfigurationPlatforms) = postSolution
		{CA48989B-E33C-4891-9E51-572F87CE43CF}.Debug|x64.ActiveCfg = Debug|x64
		{CA48989B-E33C-4891-9E51-572F87CE43CF}.Debug|x64.Build.0 = Debug|x64
		{CA48989B-E33C-4891-9E51-572F87CE43CF}.Debug|x86.ActiveCfg = Debug|Win32
		{CA48989B-E33C-4891-9E51-572F87CE43CF}.Debug|x86.Build.0 = Debug|Win32
		{CA48989B-E33C-4891-9E51-572F87CE43CF}.Release|x64.ActiveCfg = Release|x64
		{CA48989B-E33C-4891-9E51-572F87CE43CF}.Release|x64.Build.0 = Release|x64
		{CA48989B-E33C-4891-9E51-572F87CE43CF}.Release|x86.ActiveCfg = Release|Win32
		{CA48989B-E33C-4891-9E51-572F87CE43CF}.Release|x86.Build.0 = Release|Win32
	EndGlobalSection
	GlobalSection(SolutionProperties) = preSolution
		HideSolutionNode = FALSE
	EndGlobalSection
	GlobalSection(ExtensibilityGlobals) = postSolution
		SolutionGuid = {BFFA183F-5738-47D7-AC91-6BE0BAF0BD14}
	EndGlobalSection
EndGlobal
